
Microsoft Visual Studio Solution File, Format Version 12.00
# Visual Studio Version 17
VisualStudioVersion = 17.10.35013.160
MinimumVisualStudioVersion = 10.0.40219.1
Project("{9A19103F-16F7-4668-BE54-9A1E7A4F7556}") = "CodeNest.DAL", "CodeNest.DAL.csproj", "{2D20CF07-326B-490D-AD07-580558680FB6}"
EndProject
Global
	GlobalSection(SolutionConfigurationPlatforms) = preSolution
		Debug|Any CPU = Debug|Any CPU
		Release|Any CPU = Release|Any CPU
	EndGlobalSection
	GlobalSection(ProjectConfigurationPlatforms) = postSolution
		{2D20CF07-326B-490D-AD07-580558680FB6}.Debug|Any CPU.ActiveCfg = Debug|Any CPU
		{2D20CF07-326B-490D-AD07-580558680FB6}.Debug|Any CPU.Build.0 = Debug|Any CPU
		{2D20CF07-326B-490D-AD07-580558680FB6}.Release|Any CPU.ActiveCfg = Release|Any CPU
		{2D20CF07-326B-490D-AD07-580558680FB6}.Release|Any CPU.Build.0 = Release|Any CPU
	EndGlobalSection
	GlobalSection(SolutionProperties) = preSolution
		HideSolutionNode = FALSE
	EndGlobalSection
	GlobalSection(ExtensibilityGlobals) = postSolution
		SolutionGuid = {EBA20107-48B9-4B48-89C2-4DE5BC1FF399}
	EndGlobalSection
EndGlobal
