
Microsoft Visual Studio Solution File, Format Version 12.00
# Visual Studio Version 17
VisualStudioVersion = 17.10.35013.160
MinimumVisualStudioVersion = 10.0.40219.1
Project("{9A19103F-16F7-4668-BE54-9A1E7A4F7556}") = "CodeNest.BLL", "CodeNest.BLL.csproj", "{698A7AB6-1AD2-4A6A-AB14-83FD0A2EDBEA}"
EndProject
Global
	GlobalSection(SolutionConfigurationPlatforms) = preSolution
		Debug|Any CPU = Debug|Any CPU
		Release|Any CPU = Release|Any CPU
	EndGlobalSection
	GlobalSection(ProjectConfigurationPlatforms) = postSolution
		{698A7AB6-1AD2-4A6A-AB14-83FD0A2EDBEA}.Debug|Any CPU.ActiveCfg = Debug|Any CPU
		{698A7AB6-1AD2-4A6A-AB14-83FD0A2EDBEA}.Debug|Any CPU.Build.0 = Debug|Any CPU
		{698A7AB6-1AD2-4A6A-AB14-83FD0A2EDBEA}.Release|Any CPU.ActiveCfg = Release|Any CPU
		{698A7AB6-1AD2-4A6A-AB14-83FD0A2EDBEA}.Release|Any CPU.Build.0 = Release|Any CPU
	EndGlobalSection
	GlobalSection(SolutionProperties) = preSolution
		HideSolutionNode = FALSE
	EndGlobalSection
	GlobalSection(ExtensibilityGlobals) = postSolution
		SolutionGuid = {047B0BCD-073E-45C7-9F77-33DBEFEA0A25}
	EndGlobalSection
EndGlobal
